// !$*UTF8*$!
{
	archiveVersion = 1;
	classes = {
	};
	objectVersion = 50;
	objects = {

/* Begin PBXBuildFile section */
		D5ACF5CF20E5B3FF002BB551 /* AppDelegate.swift in Sources */ = {isa = PBXBuildFile; fileRef = D5ACF5CE20E5B3FF002BB551 /* AppDelegate.swift */; };
		D5ACF5D120E5B3FF002BB551 /* ViewController.swift in Sources */ = {isa = PBXBuildFile; fileRef = D5ACF5D020E5B3FF002BB551 /* ViewController.swift */; };
		D5ACF5D420E5B3FF002BB551 /* Main.storyboard in Resources */ = {isa = PBXBuildFile; fileRef = D5ACF5D220E5B3FF002BB551 /* Main.storyboard */; };
		D5ACF5D620E5B403002BB551 /* Assets.xcassets in Resources */ = {isa = PBXBuildFile; fileRef = D5ACF5D520E5B403002BB551 /* Assets.xcassets */; };
		D5ACF5D920E5B403002BB551 /* LaunchScreen.storyboard in Resources */ = {isa = PBXBuildFile; fileRef = D5ACF5D720E5B403002BB551 /* LaunchScreen.storyboard */; };
		D5ACF5E420E5B403002BB551 /* firebaseAuthTestTests.swift in Sources */ = {isa = PBXBuildFile; fileRef = D5ACF5E320E5B403002BB551 /* firebaseAuthTestTests.swift */; };
		D5ACF5EF20E5B403002BB551 /* firebaseAuthTestUITests.swift in Sources */ = {isa = PBXBuildFile; fileRef = D5ACF5EE20E5B403002BB551 /* firebaseAuthTestUITests.swift */; };
/* End PBXBuildFile section */

/* Begin PBXContainerItemProxy section */
		D5ACF5E020E5B403002BB551 /* PBXContainerItemProxy */ = {
			isa = PBXContainerItemProxy;
			containerPortal = D5ACF5C320E5B3FF002BB551 /* Project object */;
			proxyType = 1;
			remoteGlobalIDString = D5ACF5CA20E5B3FF002BB551;
			remoteInfo = firebaseAuthTest;
		};
		D5ACF5EB20E5B403002BB551 /* PBXContainerItemProxy */ = {
			isa = PBXContainerItemProxy;
			containerPortal = D5ACF5C320E5B3FF002BB551 /* Project object */;
			proxyType = 1;
			remoteGlobalIDString = D5ACF5CA20E5B3FF002BB551;
			remoteInfo = firebaseAuthTest;
		};
/* End PBXContainerItemProxy section */

/* Begin PBXFileReference section */
		D5ACF5CB20E5B3FF002BB551 /* firebaseAuthTest.app */ = {isa = PBXFileReference; explicitFileType = wrapper.application; includeInIndex = 0; path = firebaseAuthTest.app; sourceTree = BUILT_PRODUCTS_DIR; };
		D5ACF5CE20E5B3FF002BB551 /* AppDelegate.swift */ = {isa = PBXFileReference; lastKnownFileType = sourcecode.swift; path = AppDelegate.swift; sourceTree = "<group>"; };
		D5ACF5D020E5B3FF002BB551 /* ViewController.swift */ = {isa = PBXFileReference; lastKnownFileType = sourcecode.swift; path = ViewController.swift; sourceTree = "<group>"; };
		D5ACF5D320E5B3FF002BB551 /* Base */ = {isa = PBXFileReference; lastKnownFileType = file.storyboard; name = Base; path = Base.lproj/Main.storyboard; sourceTree = "<group>"; };
		D5ACF5D520E5B403002BB551 /* Assets.xcassets */ = {isa = PBXFileReference; lastKnownFileType = folder.assetcatalog; path = Assets.xcassets; sourceTree = "<group>"; };
		D5ACF5D820E5B403002BB551 /* Base */ = {isa = PBXFileReference; lastKnownFileType = file.storyboard; name = Base; path = Base.lproj/LaunchScreen.storyboard; sourceTree = "<group>"; };
		D5ACF5DA20E5B403002BB551 /* Info.plist */ = {isa = PBXFileReference; lastKnownFileType = text.plist.xml; path = Info.plist; sourceTree = "<group>"; };
		D5ACF5DF20E5B403002BB551 /* firebaseAuthTestTests.xctest */ = {isa = PBXFileReference; explicitFileType = wrapper.cfbundle; includeInIndex = 0; path = firebaseAuthTestTests.xctest; sourceTree = BUILT_PRODUCTS_DIR; };
		D5ACF5E320E5B403002BB551 /* firebaseAuthTestTests.swift */ = {isa = PBXFileReference; lastKnownFileType = sourcecode.swift; path = firebaseAuthTestTests.swift; sourceTree = "<group>"; };
		D5ACF5E520E5B403002BB551 /* Info.plist */ = {isa = PBXFileReference; lastKnownFileType = text.plist.xml; path = Info.plist; sourceTree = "<group>"; };
		D5ACF5EA20E5B403002BB551 /* firebaseAuthTestUITests.xctest */ = {isa = PBXFileReference; explicitFileType = wrapper.cfbundle; includeInIndex = 0; path = firebaseAuthTestUITests.xctest; sourceTree = BUILT_PRODUCTS_DIR; };
		D5ACF5EE20E5B403002BB551 /* firebaseAuthTestUITests.swift */ = {isa = PBXFileReference; lastKnownFileType = sourcecode.swift; path = firebaseAuthTestUITests.swift; sourceTree = "<group>"; };
		D5ACF5F020E5B403002BB551 /* Info.plist */ = {isa = PBXFileReference; lastKnownFileType = text.plist.xml; path = Info.plist; sourceTree = "<group>"; };
/* End PBXFileReference section */

/* Begin PBXFrameworksBuildPhase section */
		D5ACF5C820E5B3FF002BB551 /* Frameworks */ = {
			isa = PBXFrameworksBuildPhase;
			buildActionMask = 2147483647;
			files = (
			);
			runOnlyForDeploymentPostprocessing = 0;
		};
		D5ACF5DC20E5B403002BB551 /* Frameworks */ = {
			isa = PBXFrameworksBuildPhase;
			buildActionMask = 2147483647;
			files = (
			);
			runOnlyForDeploymentPostprocessing = 0;
		};
		D5ACF5E720E5B403002BB551 /* Frameworks */ = {
			isa = PBXFrameworksBuildPhase;
			buildActionMask = 2147483647;
			files = (
			);
			runOnlyForDeploymentPostprocessing = 0;
		};
/* End PBXFrameworksBuildPhase section */

/* Begin PBXGroup section */
		D5ACF5C220E5B3FF002BB551 = {
			isa = PBXGroup;
			children = (
				D5ACF5CD20E5B3FF002BB551 /* firebaseAuthTest */,
				D5ACF5E220E5B403002BB551 /* firebaseAuthTestTests */,
				D5ACF5ED20E5B403002BB551 /* firebaseAuthTestUITests */,
				D5ACF5CC20E5B3FF002BB551 /* Products */,
			);
			sourceTree = "<group>";
		};
		D5ACF5CC20E5B3FF002BB551 /* Products */ = {
			isa = PBXGroup;
			children = (
				D5ACF5CB20E5B3FF002BB551 /* firebaseAuthTest.app */,
				D5ACF5DF20E5B403002BB551 /* firebaseAuthTestTests.xctest */,
				D5ACF5EA20E5B403002BB551 /* firebaseAuthTestUITests.xctest */,
			);
			name = Products;
			sourceTree = "<group>";
		};
		D5ACF5CD20E5B3FF002BB551 /* firebaseAuthTest */ = {
			isa = PBXGroup;
			children = (
				D5ACF5CE20E5B3FF002BB551 /* AppDelegate.swift */,
				D5ACF5D020E5B3FF002BB551 /* ViewController.swift */,
				D5ACF5D220E5B3FF002BB551 /* Main.storyboard */,
				D5ACF5D520E5B403002BB551 /* Assets.xcassets */,
				D5ACF5D720E5B403002BB551 /* LaunchScreen.storyboard */,
				D5ACF5DA20E5B403002BB551 /* Info.plist */,
			);
			path = firebaseAuthTest;
			sourceTree = "<group>";
		};
		D5ACF5E220E5B403002BB551 /* firebaseAuthTestTests */ = {
			isa = PBXGroup;
			children = (
				D5ACF5E320E5B403002BB551 /* firebaseAuthTestTests.swift */,
				D5ACF5E520E5B403002BB551 /* Info.plist */,
			);
			path = firebaseAuthTestTests;
			sourceTree = "<group>";
		};
		D5ACF5ED20E5B403002BB551 /* firebaseAuthTestUITests */ = {
			isa = PBXGroup;
			children = (
				D5ACF5EE20E5B403002BB551 /* firebaseAuthTestUITests.swift */,
				D5ACF5F020E5B403002BB551 /* Info.plist */,
			);
			path = firebaseAuthTestUITests;
			sourceTree = "<group>";
		};
/* End PBXGroup section */

/* Begin PBXNativeTarget section */
		D5ACF5CA20E5B3FF002BB551 /* firebaseAuthTest */ = {
			isa = PBXNativeTarget;
			buildConfigurationList = D5ACF5F320E5B403002BB551 /* Build configuration list for PBXNativeTarget "firebaseAuthTest" */;
			buildPhases = (
				D5ACF5C720E5B3FF002BB551 /* Sources */,
				D5ACF5C820E5B3FF002BB551 /* Frameworks */,
				D5ACF5C920E5B3FF002BB551 /* Resources */,
			);
			buildRules = (
			);
			dependencies = (
			);
			name = firebaseAuthTest;
			productName = firebaseAuthTest;
			productReference = D5ACF5CB20E5B3FF002BB551 /* firebaseAuthTest.app */;
			productType = "com.apple.product-type.application";
		};
		D5ACF5DE20E5B403002BB551 /* firebaseAuthTestTests */ = {
			isa = PBXNativeTarget;
			buildConfigurationList = D5ACF5F620E5B403002BB551 /* Build configuration list for PBXNativeTarget "firebaseAuthTestTests" */;
			buildPhases = (
				D5ACF5DB20E5B403002BB551 /* Sources */,
				D5ACF5DC20E5B403002BB551 /* Frameworks */,
				D5ACF5DD20E5B403002BB551 /* Resources */,
			);
			buildRules = (
			);
			dependencies = (
				D5ACF5E120E5B403002BB551 /* PBXTargetDependency */,
			);
			name = firebaseAuthTestTests;
			productName = firebaseAuthTestTests;
			productReference = D5ACF5DF20E5B403002BB551 /* firebaseAuthTestTests.xctest */;
			productType = "com.apple.product-type.bundle.unit-test";
		};
		D5ACF5E920E5B403002BB551 /* firebaseAuthTestUITests */ = {
			isa = PBXNativeTarget;
			buildConfigurationList = D5ACF5F920E5B403002BB551 /* Build configuration list for PBXNativeTarget "firebaseAuthTestUITests" */;
			buildPhases = (
				D5ACF5E620E5B403002BB551 /* Sources */,
				D5ACF5E720E5B403002BB551 /* Frameworks */,
				D5ACF5E820E5B403002BB551 /* Resources */,
			);
			buildRules = (
			);
			dependencies = (
				D5ACF5EC20E5B403002BB551 /* PBXTargetDependency */,
			);
			name = firebaseAuthTestUITests;
			productName = firebaseAuthTestUITests;
			productReference = D5ACF5EA20E5B403002BB551 /* firebaseAuthTestUITests.xctest */;
			productType = "com.apple.product-type.bundle.ui-testing";
		};
/* End PBXNativeTarget section */

/* Begin PBXProject section */
		D5ACF5C320E5B3FF002BB551 /* Project object */ = {
			isa = PBXProject;
			attributes = {
				LastSwiftUpdateCheck = 0940;
				LastUpgradeCheck = 0940;
				ORGANIZATIONNAME = yodaaa;
				TargetAttributes = {
					D5ACF5CA20E5B3FF002BB551 = {
						CreatedOnToolsVersion = 9.4.1;
					};
					D5ACF5DE20E5B403002BB551 = {
						CreatedOnToolsVersion = 9.4.1;
						TestTargetID = D5ACF5CA20E5B3FF002BB551;
					};
					D5ACF5E920E5B403002BB551 = {
						CreatedOnToolsVersion = 9.4.1;
						TestTargetID = D5ACF5CA20E5B3FF002BB551;
					};
				};
			};
			buildConfigurationList = D5ACF5C620E5B3FF002BB551 /* Build configuration list for PBXProject "firebaseAuthTest" */;
			compatibilityVersion = "Xcode 9.3";
			developmentRegion = en;
			hasScannedForEncodings = 0;
			knownRegions = (
				en,
				Base,
			);
			mainGroup = D5ACF5C220E5B3FF002BB551;
			productRefGroup = D5ACF5CC20E5B3FF002BB551 /* Products */;
			projectDirPath = "";
			projectRoot = "";
			targets = (
				D5ACF5CA20E5B3FF002BB551 /* firebaseAuthTest */,
				D5ACF5DE20E5B403002BB551 /* firebaseAuthTestTests */,
				D5ACF5E920E5B403002BB551 /* firebaseAuthTestUITests */,
			);
		};
/* End PBXProject section */

/* Begin PBXResourcesBuildPhase section */
		D5ACF5C920E5B3FF002BB551 /* Resources */ = {
			isa = PBXResourcesBuildPhase;
			buildActionMask = 2147483647;
			files = (
				D5ACF5D920E5B403002BB551 /* LaunchScreen.storyboard in Resources */,
				D5ACF5D620E5B403002BB551 /* Assets.xcassets in Resources */,
				D5ACF5D420E5B3FF002BB551 /* Main.storyboard in Resources */,
			);
			runOnlyForDeploymentPostprocessing = 0;
		};
		D5ACF5DD20E5B403002BB551 /* Resources */ = {
			isa = PBXResourcesBuildPhase;
			buildActionMask = 2147483647;
			files = (
			);
			runOnlyForDeploymentPostprocessing = 0;
		};
		D5ACF5E820E5B403002BB551 /* Resources */ = {
			isa = PBXResourcesBuildPhase;
			buildActionMask = 2147483647;
			files = (
			);
			runOnlyForDeploymentPostprocessing = 0;
		};
/* End PBXResourcesBuildPhase section */

/* Begin PBXSourcesBuildPhase section */
		D5ACF5C720E5B3FF002BB551 /* Sources */ = {
			isa = PBXSourcesBuildPhase;
			buildActionMask = 2147483647;
			files = (
				D5ACF5D120E5B3FF002BB551 /* ViewController.swift in Sources */,
				D5ACF5CF20E5B3FF002BB551 /* AppDelegate.swift in Sources */,
			);
			runOnlyForDeploymentPostprocessing = 0;
		};
		D5ACF5DB20E5B403002BB551 /* Sources */ = {
			isa = PBXSourcesBuildPhase;
			buildActionMask = 2147483647;
			files = (
				D5ACF5E420E5B403002BB551 /* firebaseAuthTestTests.swift in Sources */,
			);
			runOnlyForDeploymentPostprocessing = 0;
		};
		D5ACF5E620E5B403002BB551 /* Sources */ = {
			isa = PBXSourcesBuildPhase;
			buildActionMask = 2147483647;
			files = (
				D5ACF5EF20E5B403002BB551 /* firebaseAuthTestUITests.swift in Sources */,
			);
			runOnlyForDeploymentPostprocessing = 0;
		};
/* End PBXSourcesBuildPhase section */

/* Begin PBXTargetDependency section */
		D5ACF5E120E5B403002BB551 /* PBXTargetDependency */ = {
			isa = PBXTargetDependency;
			target = D5ACF5CA20E5B3FF002BB551 /* firebaseAuthTest */;
			targetProxy = D5ACF5E020E5B403002BB551 /* PBXContainerItemProxy */;
		};
		D5ACF5EC20E5B403002BB551 /* PBXTargetDependency */ = {
			isa = PBXTargetDependency;
			target = D5ACF5CA20E5B3FF002BB551 /* firebaseAuthTest */;
			targetProxy = D5ACF5EB20E5B403002BB551 /* PBXContainerItemProxy */;
		};
/* End PBXTargetDependency section */

/* Begin PBXVariantGroup section */
		D5ACF5D220E5B3FF002BB551 /* Main.storyboard */ = {
			isa = PBXVariantGroup;
			children = (
				D5ACF5D320E5B3FF002BB551 /* Base */,
			);
			name = Main.storyboard;
			sourceTree = "<group>";
		};
		D5ACF5D720E5B403002BB551 /* LaunchScreen.storyboard */ = {
			isa = PBXVariantGroup;
			children = (
				D5ACF5D820E5B403002BB551 /* Base */,
			);
			name = LaunchScreen.storyboard;
			sourceTree = "<group>";
		};
/* End PBXVariantGroup section */

/* Begin XCBuildConfiguration section */
		D5ACF5F120E5B403002BB551 /* Debug */ = {
			isa = XCBuildConfiguration;
			buildSettings = {
				ALWAYS_SEARCH_USER_PATHS = NO;
				CLANG_ANALYZER_NONNULL = YES;
				CLANG_ANALYZER_NUMBER_OBJECT_CONVERSION = YES_AGGRESSIVE;
				CLANG_CXX_LANGUAGE_STANDARD = "gnu++14";
				CLANG_CXX_LIBRARY = "libc++";
				CLANG_ENABLE_MODULES = YES;
				CLANG_ENABLE_OBJC_ARC = YES;
				CLANG_ENABLE_OBJC_WEAK = YES;
				CLANG_WARN_BLOCK_CAPTURE_AUTORELEASING = YES;
				CLANG_WARN_BOOL_CONVERSION = YES;
				CLANG_WARN_COMMA = YES;
				CLANG_WARN_CONSTANT_CONVERSION = YES;
				CLANG_WARN_DEPRECATED_OBJC_IMPLEMENTATIONS = YES;
				CLANG_WARN_DIRECT_OBJC_ISA_USAGE = YES_ERROR;
				CLANG_WARN_DOCUMENTATION_COMMENTS = YES;
				CLANG_WARN_EMPTY_BODY = YES;
				CLANG_WARN_ENUM_CONVERSION = YES;
				CLANG_WARN_INFINITE_RECURSION = YES;
				CLANG_WARN_INT_CONVERSION = YES;
				CLANG_WARN_NON_LITERAL_NULL_CONVERSION = YES;
				CLANG_WARN_OBJC_IMPLICIT_RETAIN_SELF = YES;
				CLANG_WARN_OBJC_LITERAL_CONVERSION = YES;
				CLANG_WARN_OBJC_ROOT_CLASS = YES_ERROR;
				CLANG_WARN_RANGE_LOOP_ANALYSIS = YES;
				CLANG_WARN_STRICT_PROTOTYPES = YES;
				CLANG_WARN_SUSPICIOUS_MOVE = YES;
				CLANG_WARN_UNGUARDED_AVAILABILITY = YES_AGGRESSIVE;
				CLANG_WARN_UNREACHABLE_CODE = YES;
				CLANG_WARN__DUPLICATE_METHOD_MATCH = YES;
				CODE_SIGN_IDENTITY = "iPhone Developer";
				COPY_PHASE_STRIP = NO;
				DEBUG_INFORMATION_FORMAT = dwarf;
				ENABLE_STRICT_OBJC_MSGSEND = YES;
				ENABLE_TESTABILITY = YES;
				GCC_C_LANGUAGE_STANDARD = gnu11;
				GCC_DYNAMIC_NO_PIC = NO;
				GCC_NO_COMMON_BLOCKS = YES;
				GCC_OPTIMIZATION_LEVEL = 0;
				GCC_PREPROCESSOR_DEFINITIONS = (
					"DEBUG=1",
					"$(inherited)",
				);
				GCC_WARN_64_TO_32_BIT_CONVERSION = YES;
				GCC_WARN_ABOUT_RETURN_TYPE = YES_ERROR;
				GCC_WARN_UNDECLARED_SELECTOR = YES;
				GCC_WARN_UNINITIALIZED_AUTOS = YES_AGGRESSIVE;
				GCC_WARN_UNUSED_FUNCTION = YES;
				GCC_WARN_UNUSED_VARIABLE = YES;
				IPHONEOS_DEPLOYMENT_TARGET = 11.4;
				MTL_ENABLE_DEBUG_INFO = YES;
				ONLY_ACTIVE_ARCH = YES;
				SDKROOT = iphoneos;
				SWIFT_ACTIVE_COMPILATION_CONDITIONS = DEBUG;
				SWIFT_OPTIMIZATION_LEVEL = "-Onone";
			};
			name = Debug;
		};
		D5ACF5F220E5B403002BB551 /* Release */ = {
			isa = XCBuildConfiguration;
			buildSettings = {
				ALWAYS_SEARCH_USER_PATHS = NO;
				CLANG_ANALYZER_NONNULL = YES;
				CLANG_ANALYZER_NUMBER_OBJECT_CONVERSION = YES_AGGRESSIVE;
				CLANG_CXX_LANGUAGE_STANDARD = "gnu++14";
				CLANG_CXX_LIBRARY = "libc++";
				CLANG_ENABLE_MODULES = YES;
				CLANG_ENABLE_OBJC_ARC = YES;
				CLANG_ENABLE_OBJC_WEAK = YES;
				CLANG_WARN_BLOCK_CAPTURE_AUTORELEASING = YES;
				CLANG_WARN_BOOL_CONVERSION = YES;
				CLANG_WARN_COMMA = YES;
				CLANG_WARN_CONSTANT_CONVERSION = YES;
				CLANG_WARN_DEPRECATED_OBJC_IMPLEMENTATIONS = YES;
				CLANG_WARN_DIRECT_OBJC_ISA_USAGE = YES_ERROR;
				CLANG_WARN_DOCUMENTATION_COMMENTS = YES;
				CLANG_WARN_EMPTY_BODY = YES;
				CLANG_WARN_ENUM_CONVERSION = YES;
				CLANG_WARN_INFINITE_RECURSION = YES;
				CLANG_WARN_INT_CONVERSION = YES;
				CLANG_WARN_NON_LITERAL_NULL_CONVERSION = YES;
				CLANG_WARN_OBJC_IMPLICIT_RETAIN_SELF = YES;
				CLANG_WARN_OBJC_LITERAL_CONVERSION = YES;
				CLANG_WARN_OBJC_ROOT_CLASS = YES_ERROR;
				CLANG_WARN_RANGE_LOOP_ANALYSIS = YES;
				CLANG_WARN_STRICT_PROTOTYPES = YES;
				CLANG_WARN_SUSPICIOUS_MOVE = YES;
				CLANG_WARN_UNGUARDED_AVAILABILITY = YES_AGGRESSIVE;
				CLANG_WARN_UNREACHABLE_CODE = YES;
				CLANG_WARN__DUPLICATE_METHOD_MATCH = YES;
				CODE_SIGN_IDENTITY = "iPhone Developer";
				COPY_PHASE_STRIP = NO;
				DEBUG_INFORMATION_FORMAT = "dwarf-with-dsym";
				ENABLE_NS_ASSERTIONS = NO;
				ENABLE_STRICT_OBJC_MSGSEND = YES;
				GCC_C_LANGUAGE_STANDARD = gnu11;
				GCC_NO_COMMON_BLOCKS = YES;
				GCC_WARN_64_TO_32_BIT_CONVERSION = YES;
				GCC_WARN_ABOUT_RETURN_TYPE = YES_ERROR;
				GCC_WARN_UNDECLARED_SELECTOR = YES;
				GCC_WARN_UNINITIALIZED_AUTOS = YES_AGGRESSIVE;
				GCC_WARN_UNUSED_FUNCTION = YES;
				GCC_WARN_UNUSED_VARIABLE = YES;
				IPHONEOS_DEPLOYMENT_TARGET = 11.4;
				MTL_ENABLE_DEBUG_INFO = NO;
				SDKROOT = iphoneos;
				SWIFT_COMPILATION_MODE = wholemodule;
				SWIFT_OPTIMIZATION_LEVEL = "-O";
				VALIDATE_PRODUCT = YES;
			};
			name = Release;
		};
		D5ACF5F420E5B403002BB551 /* Debug */ = {
			isa = XCBuildConfiguration;
			buildSettings = {
				ASSETCATALOG_COMPILER_APPICON_NAME = AppIcon;
				CODE_SIGN_STYLE = Automatic;
				DEVELOPMENT_TEAM = SKGH3PPX4X;
				INFOPLIST_FILE = firebaseAuthTest/Info.plist;
				LD_RUNPATH_SEARCH_PATHS = (
					"$(inherited)",
					"@executable_path/Frameworks",
				);
				PRODUCT_BUNDLE_IDENTIFIER = com.yodaaa.firebaseAuthTest;
				PRODUCT_NAME = "$(TARGET_NAME)";
				SWIFT_VERSION = 4.0;
				TARGETED_DEVICE_FAMILY = "1,2";
			};
			name = Debug;
		};
		D5ACF5F520E5B403002BB551 /* Release */ = {
			isa = XCBuildConfiguration;
			buildSettings = {
				ASSETCATALOG_COMPILER_APPICON_NAME = AppIcon;
				CODE_SIGN_STYLE = Automatic;
				DEVELOPMENT_TEAM = SKGH3PPX4X;
				INFOPLIST_FILE = firebaseAuthTest/Info.plist;
				LD_RUNPATH_SEARCH_PATHS = (
					"$(inherited)",
					"@executable_path/Frameworks",
				);
				PRODUCT_BUNDLE_IDENTIFIER = com.yodaaa.firebaseAuthTest;
				PRODUCT_NAME = "$(TARGET_NAME)";
				SWIFT_VERSION = 4.0;
				TARGETED_DEVICE_FAMILY = "1,2";
			};
			name = Release;
		};
		D5ACF5F720E5B403002BB551 /* Debug */ = {
			isa = XCBuildConfiguration;
			buildSettings = {
				ALWAYS_EMBED_SWIFT_STANDARD_LIBRARIES = YES;
				BUNDLE_LOADER = "$(TEST_HOST)";
				CODE_SIGN_STYLE = Automatic;
				DEVELOPMENT_TEAM = SKGH3PPX4X;
				INFOPLIST_FILE = firebaseAuthTestTests/Info.plist;
				LD_RUNPATH_SEARCH_PATHS = (
					"$(inherited)",
					"@executable_path/Frameworks",
					"@loader_path/Frameworks",
				);
				PRODUCT_BUNDLE_IDENTIFIER = com.yodaaa.firebaseAuthTestTests;
				PRODUCT_NAME = "$(TARGET_NAME)";
				SWIFT_VERSION = 4.0;
				TARGETED_DEVICE_FAMILY = "1,2";
				TEST_HOST = "$(BUILT_PRODUCTS_DIR)/firebaseAuthTest.app/firebaseAuthTest";
			};
			name = Debug;
		};
		D5ACF5F820E5B403002BB551 /* Release */ = {
			isa = XCBuildConfiguration;
			buildSettings = {
				ALWAYS_EMBED_SWIFT_STANDARD_LIBRARIES = YES;
				BUNDLE_LOADER = "$(TEST_HOST)";
				CODE_SIGN_STYLE = Automatic;
				DEVELOPMENT_TEAM = SKGH3PPX4X;
				INFOPLIST_FILE = firebaseAuthTestTests/Info.plist;
				LD_RUNPATH_SEARCH_PATHS = (
					"$(inherited)",
					"@executable_path/Frameworks",
					"@loader_path/Frameworks",
				);
				PRODUCT_BUNDLE_IDENTIFIER = com.yodaaa.firebaseAuthTestTests;
				PRODUCT_NAME = "$(TARGET_NAME)";
				SWIFT_VERSION = 4.0;
				TARGETED_DEVICE_FAMILY = "1,2";
				TEST_HOST = "$(BUILT_PRODUCTS_DIR)/firebaseAuthTest.app/firebaseAuthTest";
			};
			name = Release;
		};
		D5ACF5FA20E5B403002BB551 /* Debug */ = {
			isa = XCBuildConfiguration;
			buildSettings = {
				ALWAYS_EMBED_SWIFT_STANDARD_LIBRARIES = YES;
				CODE_SIGN_STYLE = Automatic;
				DEVELOPMENT_TEAM = SKGH3PPX4X;
				INFOPLIST_FILE = firebaseAuthTestUITests/Info.plist;
				LD_RUNPATH_SEARCH_PATHS = (
					"$(inherited)",
					"@executable_path/Frameworks",
					"@loader_path/Frameworks",
				);
				PRODUCT_BUNDLE_IDENTIFIER = com.yodaaa.firebaseAuthTestUITests;
				PRODUCT_NAME = "$(TARGET_NAME)";
				SWIFT_VERSION = 4.0;
				TARGETED_DEVICE_FAMILY = "1,2";
				TEST_TARGET_NAME = firebaseAuthTest;
			};
			name = Debug;
		};
		D5ACF5FB20E5B403002BB551 /* Release */ = {
			isa = XCBuildConfiguration;
			buildSettings = {
				ALWAYS_EMBED_SWIFT_STANDARD_LIBRARIES = YES;
				CODE_SIGN_STYLE = Automatic;
				DEVELOPMENT_TEAM = SKGH3PPX4X;
				INFOPLIST_FILE = firebaseAuthTestUITests/Info.plist;
				LD_RUNPATH_SEARCH_PATHS = (
					"$(inherited)",
					"@executable_path/Frameworks",
					"@loader_path/Frameworks",
				);
				PRODUCT_BUNDLE_IDENTIFIER = com.yodaaa.firebaseAuthTestUITests;
				PRODUCT_NAME = "$(TARGET_NAME)";
				SWIFT_VERSION = 4.0;
				TARGETED_DEVICE_FAMILY = "1,2";
				TEST_TARGET_NAME = firebaseAuthTest;
			};
			name = Release;
		};
/* End XCBuildConfiguration section */

/* Begin XCConfigurationList section */
		D5ACF5C620E5B3FF002BB551 /* Build configuration list for PBXProject "firebaseAuthTest" */ = {
			isa = XCConfigurationList;
			buildConfigurations = (
				D5ACF5F120E5B403002BB551 /* Debug */,
				D5ACF5F220E5B403002BB551 /* Release */,
			);
			defaultConfigurationIsVisible = 0;
			defaultConfigurationName = Release;
		};
		D5ACF5F320E5B403002BB551 /* Build configuration list for PBXNativeTarget "firebaseAuthTest" */ = {
			isa = XCConfigurationList;
			buildConfigurations = (
				D5ACF5F420E5B403002BB551 /* Debug */,
				D5ACF5F520E5B403002BB551 /* Release */,
			);
			defaultConfigurationIsVisible = 0;
			defaultConfigurationName = Release;
		};
		D5ACF5F620E5B403002BB551 /* Build configuration list for PBXNativeTarget "firebaseAuthTestTests" */ = {
			isa = XCConfigurationList;
			buildConfigurations = (
				D5ACF5F720E5B403002BB551 /* Debug */,
				D5ACF5F820E5B403002BB551 /* Release */,
			);
			defaultConfigurationIsVisible = 0;
			defaultConfigurationName = Release;
		};
		D5ACF5F920E5B403002BB551 /* Build configuration list for PBXNativeTarget "firebaseAuthTestUITests" */ = {
			isa = XCConfigurationList;
			buildConfigurations = (
				D5ACF5FA20E5B403002BB551 /* Debug */,
				D5ACF5FB20E5B403002BB551 /* Release */,
			);
			defaultConfigurationIsVisible = 0;
			defaultConfigurationName = Release;
		};
/* End XCConfigurationList section */
	};
	rootObject = D5ACF5C320E5B3FF002BB551 /* Project object */;
}
